
Microsoft Visual Studio Solution File, Format Version 12.00
# Visual Studio Version 17
VisualStudioVersion = 17.0.31903.59
MinimumVisualStudioVersion = 10.0.40219.1
Project("{2150E333-8FDC-42A3-9474-1A3956D46DE8}") = "src", "src", "{827E0CD3-B72D-47B6-A68D-7590B98EB39B}"
EndProject
Project("{FAE04EC0-301F-11D3-BF4B-00C04F79EFBC}") = "ChatApp.Domain", "src\ChatApp.Domain\ChatApp.Domain.csproj", "{6ED24132-125B-42E5-AE87-2939460BCC36}"
EndProject
Project("{FAE04EC0-301F-11D3-BF4B-00C04F79EFBC}") = "ChatApp.Application", "src\ChatApp.Application\ChatApp.Application.csproj", "{AE214363-009F-44A7-90AA-C95DE2CE6F70}"
EndProject
Project("{FAE04EC0-301F-11D3-BF4B-00C04F79EFBC}") = "ChatApp.Infrastructure", "src\ChatApp.Infrastructure\ChatApp.Infrastructure.csproj", "{4F4D138A-FD01-4DEF-B97F-6FE0394677E9}"
EndProject
Project("{FAE04EC0-301F-11D3-BF4B-00C04F79EFBC}") = "ChatApp.WebAPI", "src\ChatApp.WebAPI\ChatApp.WebAPI.csproj", "{57C3245F-C014-4772-94E2-4B707D640006}"
EndProject
Project("{FAE04EC0-301F-11D3-BF4B-00C04F79EFBC}") = "ChatApp.BlazorApp", "src\ChatApp.BlazorApp\ChatApp.BlazorApp.csproj", "{D8FE0364-E983-4B91-9073-1D80741661C1}"
EndProject
Project("{2150E333-8FDC-42A3-9474-1A3956D46DE8}") = "tests", "tests", "{0AB3BF05-4346-4AA6-1389-037BE0695223}"
EndProject
Project("{FAE04EC0-301F-11D3-BF4B-00C04F79EFBC}") = "ChatApp.UnitTests", "tests\ChatApp.UnitTests\ChatApp.UnitTests.csproj", "{5A824A13-0CF7-4710-A3F5-BCD0271EAD72}"
EndProject
Project("{FAE04EC0-301F-11D3-BF4B-00C04F79EFBC}") = "ChatApp.IntegrationTests", "tests\ChatApp.IntegrationTests\ChatApp.IntegrationTests.csproj", "{67EBA37D-C6AB-43B4-99E9-4BA23F863E02}"
EndProject
Project("{FAE04EC0-301F-11D3-BF4B-00C04F79EFBC}") = "ChatApp.Contracts", "src\ChatApp.Contracts\ChatApp.Contracts.csproj", "{AE6835FD-D951-FE03-F605-6DFF80B23A7D}"
EndProject
Global
	GlobalSection(SolutionConfigurationPlatforms) = preSolution
		Debug|Any CPU = Debug|Any CPU
		Debug|x64 = Debug|x64
		Debug|x86 = Debug|x86
		Release|Any CPU = Release|Any CPU
		Release|x64 = Release|x64
		Release|x86 = Release|x86
	EndGlobalSection
	GlobalSection(ProjectConfigurationPlatforms) = postSolution
		{6ED24132-125B-42E5-AE87-2939460BCC36}.Debug|Any CPU.ActiveCfg = Debug|Any CPU
		{6ED24132-125B-42E5-AE87-2939460BCC36}.Debug|Any CPU.Build.0 = Debug|Any CPU
		{6ED24132-125B-42E5-AE87-2939460BCC36}.Debug|x64.ActiveCfg = Debug|Any CPU
		{6ED24132-125B-42E5-AE87-2939460BCC36}.Debug|x64.Build.0 = Debug|Any CPU
		{6ED24132-125B-42E5-AE87-2939460BCC36}.Debug|x86.ActiveCfg = Debug|Any CPU
		{6ED24132-125B-42E5-AE87-2939460BCC36}.Debug|x86.Build.0 = Debug|Any CPU
		{6ED24132-125B-42E5-AE87-2939460BCC36}.Release|Any CPU.ActiveCfg = Release|Any CPU
		{6ED24132-125B-42E5-AE87-2939460BCC36}.Release|Any CPU.Build.0 = Release|Any CPU
		{6ED24132-125B-42E5-AE87-2939460BCC36}.Release|x64.ActiveCfg = Release|Any CPU
		{6ED24132-125B-42E5-AE87-2939460BCC36}.Release|x64.Build.0 = Release|Any CPU
		{6ED24132-125B-42E5-AE87-2939460BCC36}.Release|x86.ActiveCfg = Release|Any CPU
		{6ED24132-125B-42E5-AE87-2939460BCC36}.Release|x86.Build.0 = Release|Any CPU
		{AE214363-009F-44A7-90AA-C95DE2CE6F70}.Debug|Any CPU.ActiveCfg = Debug|Any CPU
		{AE214363-009F-44A7-90AA-C95DE2CE6F70}.Debug|Any CPU.Build.0 = Debug|Any CPU
		{AE214363-009F-44A7-90AA-C95DE2CE6F70}.Debug|x64.ActiveCfg = Debug|Any CPU
		{AE214363-009F-44A7-90AA-C95DE2CE6F70}.Debug|x64.Build.0 = Debug|Any CPU
		{AE214363-009F-44A7-90AA-C95DE2CE6F70}.Debug|x86.ActiveCfg = Debug|Any CPU
		{AE214363-009F-44A7-90AA-C95DE2CE6F70}.Debug|x86.Build.0 = Debug|Any CPU
		{AE214363-009F-44A7-90AA-C95DE2CE6F70}.Release|Any CPU.ActiveCfg = Release|Any CPU
		{AE214363-009F-44A7-90AA-C95DE2CE6F70}.Release|Any CPU.Build.0 = Release|Any CPU
		{AE214363-009F-44A7-90AA-C95DE2CE6F70}.Release|x64.ActiveCfg = Release|Any CPU
		{AE214363-009F-44A7-90AA-C95DE2CE6F70}.Release|x64.Build.0 = Release|Any CPU
		{AE214363-009F-44A7-90AA-C95DE2CE6F70}.Release|x86.ActiveCfg = Release|Any CPU
		{AE214363-009F-44A7-90AA-C95DE2CE6F70}.Release|x86.Build.0 = Release|Any CPU
		{4F4D138A-FD01-4DEF-B97F-6FE0394677E9}.Debug|Any CPU.ActiveCfg = Debug|Any CPU
		{4F4D138A-FD01-4DEF-B97F-6FE0394677E9}.Debug|Any CPU.Build.0 = Debug|Any CPU
		{4F4D138A-FD01-4DEF-B97F-6FE0394677E9}.Debug|x64.ActiveCfg = Debug|Any CPU
		{4F4D138A-FD01-4DEF-B97F-6FE0394677E9}.Debug|x64.Build.0 = Debug|Any CPU
		{4F4D138A-FD01-4DEF-B97F-6FE0394677E9}.Debug|x86.ActiveCfg = Debug|Any CPU
		{4F4D138A-FD01-4DEF-B97F-6FE0394677E9}.Debug|x86.Build.0 = Debug|Any CPU
		{4F4D138A-FD01-4DEF-B97F-6FE0394677E9}.Release|Any CPU.ActiveCfg = Release|Any CPU
		{4F4D138A-FD01-4DEF-B97F-6FE0394677E9}.Release|Any CPU.Build.0 = Release|Any CPU
		{4F4D138A-FD01-4DEF-B97F-6FE0394677E9}.Release|x64.ActiveCfg = Release|Any CPU
		{4F4D138A-FD01-4DEF-B97F-6FE0394677E9}.Release|x64.Build.0 = Release|Any CPU
		{4F4D138A-FD01-4DEF-B97F-6FE0394677E9}.Release|x86.ActiveCfg = Release|Any CPU
		{4F4D138A-FD01-4DEF-B97F-6FE0394677E9}.Release|x86.Build.0 = Release|Any CPU
		{57C3245F-C014-4772-94E2-4B707D640006}.Debug|Any CPU.ActiveCfg = Debug|Any CPU
		{57C3245F-C014-4772-94E2-4B707D640006}.Debug|Any CPU.Build.0 = Debug|Any CPU
		{57C3245F-C014-4772-94E2-4B707D640006}.Debug|x64.ActiveCfg = Debug|Any CPU
		{57C3245F-C014-4772-94E2-4B707D640006}.Debug|x64.Build.0 = Debug|Any CPU
		{57C3245F-C014-4772-94E2-4B707D640006}.Debug|x86.ActiveCfg = Debug|Any CPU
		{57C3245F-C014-4772-94E2-4B707D640006}.Debug|x86.Build.0 = Debug|Any CPU
		{57C3245F-C014-4772-94E2-4B707D640006}.Release|Any CPU.ActiveCfg = Release|Any CPU
		{57C3245F-C014-4772-94E2-4B707D640006}.Release|Any CPU.Build.0 = Release|Any CPU
		{57C3245F-C014-4772-94E2-4B707D640006}.Release|x64.ActiveCfg = Release|Any CPU
		{57C3245F-C014-4772-94E2-4B707D640006}.Release|x64.Build.0 = Release|Any CPU
		{57C3245F-C014-4772-94E2-4B707D640006}.Release|x86.ActiveCfg = Release|Any CPU
		{57C3245F-C014-4772-94E2-4B707D640006}.Release|x86.Build.0 = Release|Any CPU
		{D8FE0364-E983-4B91-9073-1D80741661C1}.Debug|Any CPU.ActiveCfg = Debug|Any CPU
		{D8FE0364-E983-4B91-9073-1D80741661C1}.Debug|Any CPU.Build.0 = Debug|Any CPU
		{D8FE0364-E983-4B91-9073-1D80741661C1}.Debug|x64.ActiveCfg = Debug|Any CPU
		{D8FE0364-E983-4B91-9073-1D80741661C1}.Debug|x64.Build.0 = Debug|Any CPU
		{D8FE0364-E983-4B91-9073-1D80741661C1}.Debug|x86.ActiveCfg = Debug|Any CPU
		{D8FE0364-E983-4B91-9073-1D80741661C1}.Debug|x86.Build.0 = Debug|Any CPU
		{D8FE0364-E983-4B91-9073-1D80741661C1}.Release|Any CPU.ActiveCfg = Release|Any CPU
		{D8FE0364-E983-4B91-9073-1D80741661C1}.Release|Any CPU.Build.0 = Release|Any CPU
		{D8FE0364-E983-4B91-9073-1D80741661C1}.Release|x64.ActiveCfg = Release|Any CPU
		{D8FE0364-E983-4B91-9073-1D80741661C1}.Release|x64.Build.0 = Release|Any CPU
		{D8FE0364-E983-4B91-9073-1D80741661C1}.Release|x86.ActiveCfg = Release|Any CPU
		{D8FE0364-E983-4B91-9073-1D80741661C1}.Release|x86.Build.0 = Release|Any CPU
		{5A824A13-0CF7-4710-A3F5-BCD0271EAD72}.Debug|Any CPU.ActiveCfg = Debug|Any CPU
		{5A824A13-0CF7-4710-A3F5-BCD0271EAD72}.Debug|Any CPU.Build.0 = Debug|Any CPU
		{5A824A13-0CF7-4710-A3F5-BCD0271EAD72}.Debug|x64.ActiveCfg = Debug|Any CPU
		{5A824A13-0CF7-4710-A3F5-BCD0271EAD72}.Debug|x64.Build.0 = Debug|Any CPU
		{5A824A13-0CF7-4710-A3F5-BCD0271EAD72}.Debug|x86.ActiveCfg = Debug|Any CPU
		{5A824A13-0CF7-4710-A3F5-BCD0271EAD72}.Debug|x86.Build.0 = Debug|Any CPU
		{5A824A13-0CF7-4710-A3F5-BCD0271EAD72}.Release|Any CPU.ActiveCfg = Release|Any CPU
		{5A824A13-0CF7-4710-A3F5-BCD0271EAD72}.Release|Any CPU.Build.0 = Release|Any CPU
		{5A824A13-0CF7-4710-A3F5-BCD0271EAD72}.Release|x64.ActiveCfg = Release|Any CPU
		{5A824A13-0CF7-4710-A3F5-BCD0271EAD72}.Release|x64.Build.0 = Release|Any CPU
		{5A824A13-0CF7-4710-A3F5-BCD0271EAD72}.Release|x86.ActiveCfg = Release|Any CPU
		{5A824A13-0CF7-4710-A3F5-BCD0271EAD72}.Release|x86.Build.0 = Release|Any CPU
		{67EBA37D-C6AB-43B4-99E9-4BA23F863E02}.Debug|Any CPU.ActiveCfg = Debug|Any CPU
		{67EBA37D-C6AB-43B4-99E9-4BA23F863E02}.Debug|Any CPU.Build.0 = Debug|Any CPU
		{67EBA37D-C6AB-43B4-99E9-4BA23F863E02}.Debug|x64.ActiveCfg = Debug|Any CPU
		{67EBA37D-C6AB-43B4-99E9-4BA23F863E02}.Debug|x64.Build.0 = Debug|Any CPU
		{67EBA37D-C6AB-43B4-99E9-4BA23F863E02}.Debug|x86.ActiveCfg = Debug|Any CPU
		{67EBA37D-C6AB-43B4-99E9-4BA23F863E02}.Debug|x86.Build.0 = Debug|Any CPU
		{67EBA37D-C6AB-43B4-99E9-4BA23F863E02}.Release|Any CPU.ActiveCfg = Release|Any CPU
		{67EBA37D-C6AB-43B4-99E9-4BA23F863E02}.Release|Any CPU.Build.0 = Release|Any CPU
		{67EBA37D-C6AB-43B4-99E9-4BA23F863E02}.Release|x64.ActiveCfg = Release|Any CPU
		{67EBA37D-C6AB-43B4-99E9-4BA23F863E02}.Release|x64.Build.0 = Release|Any CPU
		{67EBA37D-C6AB-43B4-99E9-4BA23F863E02}.Release|x86.ActiveCfg = Release|Any CPU
		{67EBA37D-C6AB-43B4-99E9-4BA23F863E02}.Release|x86.Build.0 = Release|Any CPU
		{AE6835FD-D951-FE03-F605-6DFF80B23A7D}.Debug|Any CPU.ActiveCfg = Debug|Any CPU
		{AE6835FD-D951-FE03-F605-6DFF80B23A7D}.Debug|Any CPU.Build.0 = Debug|Any CPU
		{AE6835FD-D951-FE03-F605-6DFF80B23A7D}.Debug|x64.ActiveCfg = Debug|Any CPU
		{AE6835FD-D951-FE03-F605-6DFF80B23A7D}.Debug|x64.Build.0 = Debug|Any CPU
		{AE6835FD-D951-FE03-F605-6DFF80B23A7D}.Debug|x86.ActiveCfg = Debug|Any CPU
		{AE6835FD-D951-FE03-F605-6DFF80B23A7D}.Debug|x86.Build.0 = Debug|Any CPU
		{AE6835FD-D951-FE03-F605-6DFF80B23A7D}.Release|Any CPU.ActiveCfg = Release|Any CPU
		{AE6835FD-D951-FE03-F605-6DFF80B23A7D}.Release|Any CPU.Build.0 = Release|Any CPU
		{AE6835FD-D951-FE03-F605-6DFF80B23A7D}.Release|x64.ActiveCfg = Release|Any CPU
		{AE6835FD-D951-FE03-F605-6DFF80B23A7D}.Release|x64.Build.0 = Release|Any CPU
		{AE6835FD-D951-FE03-F605-6DFF80B23A7D}.Release|x86.ActiveCfg = Release|Any CPU
		{AE6835FD-D951-FE03-F605-6DFF80B23A7D}.Release|x86.Build.0 = Release|Any CPU
	EndGlobalSection
	GlobalSection(SolutionProperties) = preSolution
		HideSolutionNode = FALSE
	EndGlobalSection
	GlobalSection(NestedProjects) = preSolution
		{6ED24132-125B-42E5-AE87-2939460BCC36} = {827E0CD3-B72D-47B6-A68D-7590B98EB39B}
		{AE214363-009F-44A7-90AA-C95DE2CE6F70} = {827E0CD3-B72D-47B6-A68D-7590B98EB39B}
		{4F4D138A-FD01-4DEF-B97F-6FE0394677E9} = {827E0CD3-B72D-47B6-A68D-7590B98EB39B}
		{57C3245F-C014-4772-94E2-4B707D640006} = {827E0CD3-B72D-47B6-A68D-7590B98EB39B}
		{D8FE0364-E983-4B91-9073-1D80741661C1} = {827E0CD3-B72D-47B6-A68D-7590B98EB39B}
		{5A824A13-0CF7-4710-A3F5-BCD0271EAD72} = {0AB3BF05-4346-4AA6-1389-037BE0695223}
		{67EBA37D-C6AB-43B4-99E9-4BA23F863E02} = {0AB3BF05-4346-4AA6-1389-037BE0695223}
		{AE6835FD-D951-FE03-F605-6DFF80B23A7D} = {827E0CD3-B72D-47B6-A68D-7590B98EB39B}
	EndGlobalSection
	GlobalSection(ExtensibilityGlobals) = postSolution
		SolutionGuid = {7E3C637E-80CC-4A69-B31D-2A41CBB4527E}
	EndGlobalSection
EndGlobal
